
Microsoft Visual Studio Solution File, Format Version 10.00
# Visual Studio 2008
Project("{FAE04EC0-301F-11D3-BF4B-00C04F79EFBC}") = "ProjectExtender2008", "ProjectExtender2008.csproj", "{C085BF9A-0393-4D2C-8EAE-7BA0ED1EEB09}"
EndProject
Project("{FAE04EC0-301F-11D3-BF4B-00C04F79EFBC}") = "ProjectExtender_IntegrationTestProject", "ProjectExtender_IntegrationTestProject\ProjectExtender_IntegrationTestProject.csproj", "{256F4845-187A-461A-BF15-79E05A466472}"
EndProject
Project("{2150E333-8FDC-42A3-9474-1A3956D46DE8}") = "Solution Items", "Solution Items", "{296488BA-10A8-464C-B948-3F369F52F6C2}"
	ProjectSection(SolutionItems) = preProject
		ProjectExtender2008.vsmdi = ProjectExtender2008.vsmdi
		TestRunConfig1.testrunconfig = TestRunConfig1.testrunconfig
	EndProjectSection
EndProject
Global
	GlobalSection(TestCaseManagementSettings) = postSolution
		CategoryFile = ProjectExtender2008.vsmdi
	EndGlobalSection
	GlobalSection(SolutionConfigurationPlatforms) = preSolution
		Debug|Any CPU = Debug|Any CPU
		Release|Any CPU = Release|Any CPU
	EndGlobalSection
	GlobalSection(ProjectConfigurationPlatforms) = postSolution
		{C085BF9A-0393-4D2C-8EAE-7BA0ED1EEB09}.Debug|Any CPU.ActiveCfg = Debug|Any CPU
		{C085BF9A-0393-4D2C-8EAE-7BA0ED1EEB09}.Debug|Any CPU.Build.0 = Debug|Any CPU
		{C085BF9A-0393-4D2C-8EAE-7BA0ED1EEB09}.Release|Any CPU.ActiveCfg = Release|Any CPU
		{C085BF9A-0393-4D2C-8EAE-7BA0ED1EEB09}.Release|Any CPU.Build.0 = Release|Any CPU
		{256F4845-187A-461A-BF15-79E05A466472}.Debug|Any CPU.ActiveCfg = Debug|Any CPU
		{256F4845-187A-461A-BF15-79E05A466472}.Debug|Any CPU.Build.0 = Debug|Any CPU
		{256F4845-187A-461A-BF15-79E05A466472}.Release|Any CPU.ActiveCfg = Release|Any CPU
		{256F4845-187A-461A-BF15-79E05A466472}.Release|Any CPU.Build.0 = Release|Any CPU
	EndGlobalSection
	GlobalSection(SolutionProperties) = preSolution
		HideSolutionNode = FALSE
	EndGlobalSection
EndGlobal
